
Microsoft Visual Studio Solution File, Format Version 12.00
Project("{FAE04EC0-301F-11D3-BF4B-00C04F79EFBC}") = "Stoady", "Stoady\Stoady.csproj", "{16F1134F-8142-49B7-BBE4-3AC11C2AFFE2}"
EndProject
Project("{FAE04EC0-301F-11D3-BF4B-00C04F79EFBC}") = "Stoady.Database", "Stoady.Database\Stoady.Database.csproj", "{DFC50AC5-FA6E-4DAA-AC85-530204E3CCAF}"
EndProject
Global
	GlobalSection(SolutionConfigurationPlatforms) = preSolution
		Debug|Any CPU = Debug|Any CPU
		Release|Any CPU = Release|Any CPU
	EndGlobalSection
	GlobalSection(ProjectConfigurationPlatforms) = postSolution
		{16F1134F-8142-49B7-BBE4-3AC11C2AFFE2}.Debug|Any CPU.ActiveCfg = Debug|Any CPU
		{16F1134F-8142-49B7-BBE4-3AC11C2AFFE2}.Debug|Any CPU.Build.0 = Debug|Any CPU
		{16F1134F-8142-49B7-BBE4-3AC11C2AFFE2}.Release|Any CPU.ActiveCfg = Release|Any CPU
		{16F1134F-8142-49B7-BBE4-3AC11C2AFFE2}.Release|Any CPU.Build.0 = Release|Any CPU
		{DFC50AC5-FA6E-4DAA-AC85-530204E3CCAF}.Debug|Any CPU.ActiveCfg = Debug|Any CPU
		{DFC50AC5-FA6E-4DAA-AC85-530204E3CCAF}.Debug|Any CPU.Build.0 = Debug|Any CPU
		{DFC50AC5-FA6E-4DAA-AC85-530204E3CCAF}.Release|Any CPU.ActiveCfg = Release|Any CPU
		{DFC50AC5-FA6E-4DAA-AC85-530204E3CCAF}.Release|Any CPU.Build.0 = Release|Any CPU
	EndGlobalSection
EndGlobal
